<?xml version="1.0" encoding="utf-8"?>
<Project ToolsVersion="4.0" xmlns="http://schemas.microsoft.com/developer/msbuild/2003">
  <ItemGroup>
    <Filter Include="Headers">
      <UniqueIdentifier>{C196CD9C-2D76-4C38-368E-D70EA2ECB299}</UniqueIdentifier>
    </Filter>
    <Filter Include="src">
      <UniqueIdentifier>{2DAB880B-99B4-887C-2230-9F7C8E38947C}</UniqueIdentifier>
    </Filter>
  </ItemGroup>
  <ItemGroup>
    <ClInclude Include="include\headers\Camera.h">
      <Filter>Headers</Filter>
    </ClInclude>
    <ClInclude Include="include\headers\CameraComponent.h">
      <Filter>Headers</Filter>
    </ClInclude>
    <ClInclude Include="include\headers\Components.h">
      <Filter>Headers</Filter>
    </ClInclude>
    <ClInclude Include="include\headers\EBO.h">
      <Filter>Headers</Filter>
    </ClInclude>
    <ClInclude Include="include\headers\ECS.h">
      <Filter>Headers</Filter>
    </ClInclude>
    <ClInclude Include="include\headers\Game.h">
      <Filter>Headers</Filter>
    </ClInclude>
    <ClInclude Include="include\headers\IncludesForMath.h">
      <Filter>Headers</Filter>
    </ClInclude>
    <ClInclude Include="include\headers\MainCamera.h">
      <Filter>Headers</Filter>
    </ClInclude>
    <ClInclude Include="include\headers\Mesh.h">
      <Filter>Headers</Filter>
    </ClInclude>
    <ClInclude Include="include\headers\MeshNoComponent.h">
      <Filter>Headers</Filter>
    </ClInclude>
    <ClInclude Include="include\headers\ModelEntity.h">
      <Filter>Headers</Filter>
    </ClInclude>
    <ClInclude Include="include\headers\ShaderClass.h">
      <Filter>Headers</Filter>
    </ClInclude>
    <ClInclude Include="include\headers\Texture.h">
      <Filter>Headers</Filter>
    </ClInclude>
    <ClInclude Include="include\headers\TextureModel.h">
      <Filter>Headers</Filter>
    </ClInclude>
    <ClInclude Include="include\headers\VAO.h">
      <Filter>Headers</Filter>
    </ClInclude>
    <ClInclude Include="include\headers\VBO.h">
      <Filter>Headers</Filter>
    </ClInclude>
    <ClInclude Include="include\headers\BezierCurveComponent.h" />
  </ItemGroup>
  <ItemGroup>
    <ClCompile Include="src\Main.cpp">
      <Filter>src</Filter>
    </ClCompile>
    <ClCompile Include="src\camera.cpp">
      <Filter>src</Filter>
    </ClCompile>
    <ClCompile Include="src\cameraComponent.cpp">
      <Filter>src</Filter>
    </ClCompile>
    <ClCompile Include="src\ebo.cpp">
      <Filter>src</Filter>
    </ClCompile>
    <ClCompile Include="src\ecs.cpp">
      <Filter>src</Filter>
    </ClCompile>
    <ClCompile Include="src\game.cpp">
      <Filter>src</Filter>
    </ClCompile>
    <ClCompile Include="src\glad.c">
      <Filter>src</Filter>
    </ClCompile>
    <ClCompile Include="src\mainCamera.cpp">
      <Filter>src</Filter>
    </ClCompile>
    <ClCompile Include="src\mesh.cpp">
      <Filter>src</Filter>
    </ClCompile>
    <ClCompile Include="src\meshNoComponent.cpp">
      <Filter>src</Filter>
    </ClCompile>
    <ClCompile Include="src\modelEntity.cpp">
      <Filter>src</Filter>
    </ClCompile>
    <ClCompile Include="src\shaderClass.cpp">
      <Filter>src</Filter>
    </ClCompile>
    <ClCompile Include="src\stb.cpp">
      <Filter>src</Filter>
    </ClCompile>
    <ClCompile Include="src\texture.cpp">
      <Filter>src</Filter>
    </ClCompile>
    <ClCompile Include="src\textureModel.cpp">
      <Filter>src</Filter>
    </ClCompile>
    <ClCompile Include="src\vao.cpp">
      <Filter>src</Filter>
    </ClCompile>
    <ClCompile Include="src\vbo.cpp">
      <Filter>src</Filter>
    </ClCompile>
    <ClCompile Include="src\bezierCurveComponent.cpp" />
  </ItemGroup>
  <ItemGroup>
    <Image Include="models\spider\drkwood2.jpg" />
    <Image Include="models\spider\engineflare1.jpg" />
  </ItemGroup>
  <ItemGroup>
    <None Include="models\wolf_demon_low_poly\scene.bin" />
    <None Include="models\ranged_large_cameraman\scene.bin" />
    <None Include="models\1963_volkswagen_beetle_junkyard_herbie\scene.bin" />
    <None Include="src\shaders\bezier.vert" />
    <None Include="src\shaders\bezier.frag" />
    <None Include="src\shaders\bezier.tcs" />
    <None Include="src\shaders\bezier.tes" />
    <None Include="src\shaders\simple.geom" />
  </ItemGroup>
</Project>