<?xml version="1.0" encoding="utf-8"?>
<Project ToolsVersion="4.0" xmlns="http://schemas.microsoft.com/developer/msbuild/2003">
  <ItemGroup>
    <Filter Include="Headers">
      <UniqueIdentifier>{C196CD9C-2D76-4C38-368E-D70EA2ECB299}</UniqueIdentifier>
    </Filter>
    <Filter Include="src">
      <UniqueIdentifier>{2DAB880B-99B4-887C-2230-9F7C8E38947C}</UniqueIdentifier>
    </Filter>
  </ItemGroup>
  <ItemGroup>
    <ClInclude Include="include\headers\Camera.h">
      <Filter>Headers</Filter>
    </ClInclude>
    <ClInclude Include="include\headers\EBO.h">
      <Filter>Headers</Filter>
    </ClInclude>
    <ClInclude Include="include\headers\Game.h">
      <Filter>Headers</Filter>
    </ClInclude>
    <ClInclude Include="include\headers\IncludesForMath.h">
      <Filter>Headers</Filter>
    </ClInclude>
    <ClInclude Include="include\headers\ShaderClass.h">
      <Filter>Headers</Filter>
    </ClInclude>
    <ClInclude Include="include\headers\Texture.h">
      <Filter>Headers</Filter>
    </ClInclude>
    <ClInclude Include="include\headers\VAO.h">
      <Filter>Headers</Filter>
    </ClInclude>
    <ClInclude Include="include\headers\VBO.h">
      <Filter>Headers</Filter>
    </ClInclude>
    <ClInclude Include="include\headers\ECS.h" />
    <ClInclude Include="include\headers\Components.h" />
    <ClInclude Include="include\headers\CameraComponent.h" />
    <ClInclude Include="include\headers\MainCamera.h" />
  </ItemGroup>
  <ItemGroup>
    <ClCompile Include="src\Main.cpp">
      <Filter>src</Filter>
    </ClCompile>
    <ClCompile Include="src\camera.cpp">
      <Filter>src</Filter>
    </ClCompile>
    <ClCompile Include="src\ebo.cpp">
      <Filter>src</Filter>
    </ClCompile>
    <ClCompile Include="src\game.cpp">
      <Filter>src</Filter>
    </ClCompile>
    <ClCompile Include="src\glad.c">
      <Filter>src</Filter>
    </ClCompile>
    <ClCompile Include="src\shaderClass.cpp">
      <Filter>src</Filter>
    </ClCompile>
    <ClCompile Include="src\stb.cpp">
      <Filter>src</Filter>
    </ClCompile>
    <ClCompile Include="src\texture.cpp">
      <Filter>src</Filter>
    </ClCompile>
    <ClCompile Include="src\vao.cpp">
      <Filter>src</Filter>
    </ClCompile>
    <ClCompile Include="src\vbo.cpp">
      <Filter>src</Filter>
    </ClCompile>
    <ClCompile Include="src\ecs.cpp" />
    <ClCompile Include="src\cameraComponent.cpp" />
    <ClCompile Include="src\mainCamera.cpp" />
  </ItemGroup>
  <ItemGroup>
    <Image Include="..\..\LastAssigmentPlease\OpenGL3DSimpleMaze\planks.png" />
    <Image Include="..\..\LastAssigmentPlease\OpenGL3DSimpleMaze\planksSpec.png" />
  </ItemGroup>
  <ItemGroup>
    <None Include="src\shaders\default.vert" />
    <None Include="src\shaders\default.frag" />
    <None Include="src\shaders\light.frag" />
    <None Include="src\shaders\light.vert" />
  </ItemGroup>
</Project>